<?xml version="1.0" encoding="utf-8"?>
<Project ToolsVersion="4.0" xmlns="http://schemas.microsoft.com/developer/msbuild/2003">
  <ItemGroup>
    <ClCompile Include="extras.c">
      <Filter>Source Files</Filter>
    </ClCompile>
    <ClCompile Include="ecc_tests.c">
      <Filter>Source Files</Filter>
    </ClCompile>
  </ItemGroup>
  <ItemGroup>
    <Filter Include="Source Files">
      <UniqueIdentifier>{f62138d5-14fb-4ae5-9229-f062e372950d}</UniqueIdentifier>
    </Filter>
    <Filter Include="Header Files">
      <UniqueIdentifier>{f1050940-a2c3-4a0e-9d83-3cbaf7b46bf3}</UniqueIdentifier>
    </Filter>
  </ItemGroup>
  <ItemGroup>
    <ClInclude Include="tests.h">
      <Filter>Header Files</Filter>
    </ClInclude>
    <ClInclude Include="..\MSR_ECClib\msr_ecclib.h">
      <Filter>Header Files</Filter>
    </ClInclude>
  </ItemGroup>
</Project>